github.com/aaronland/go-http-bootstrap v0.1.0 h1:ayVCu88SDUyptVN/scPMtC8jUor0h2lcoN/3ulfuwwo=
github.com/aaronland/go-http-bootstrap v0.1.0/go.mod h1:LBQ4TNCD74+4KKEmBIIzrMxeAksRp/wQ7FPA8VZ/v4E=
github.com/aaronland/go-http-leaflet v0.1.0 h1:F9ofV2yRZdP9NCSW8GXfDNNbiQD5na0oylKLbbwG9u4=
github.com/aaronland/go-http-leaflet v0.1.0/go.mod h1:M6Brt/UMWXsT+3qK5idwxr3y6kELHHi7OhgoiecMt6U=
github.com/aaronland/go-http-rewrite v0.0.6/go.mod h1:+Ehclg6SIiQPEJlSv3LR+8rojSSYPLGQuDf2z9bChpY=
github.com/aaronland/go-http-rewrite v1.0.0/go.mod h1:CqMfeIY9Vp/6RuajglOCIQ1gRo7RMtgp+jQKXPrbUIg=
github.com/aaronland/go-http-rewrite v1.0.1 h1:BWUlr88wN+jQJUGFd5sSl5fysxHlLYN0FB330pRRP+Q=
github.com/aaronland/go-http-rewrite v1.0.1/go.mod h1:DVpymWnsPZI9P2cmgs6lz2cWiUltfDJ6UNOwuvSXyF0=
github.com/aaronland/go-http-server v0.0.6/go.mod h1:6dtsZDrQG0XvUOCL0eaHsUw+7gw3Xa/Nm+XofvkSw2w=
github.com/aaronland/go-http-server v1.0.0 h1:AF+4JLEyXNj7Mulpcx8yaek1RWGojWOQMg5vinEDDVs=
github.com/aaronland/go-http-server v1.0.0/go.mod h1:gJ2TDOB9EhK8IULIf3UqVYcv1TaEa5N2er9YaBvD2M0=
github.com/aaronland/go-http-tangramjs v0.1.3 h1:Y3VriS2z9NcAljOXzoAdlA9RAtyXamZMTKvt0ltQnvE=
github.com/aaronland/go-http-tangramjs v0.1.3/go.mod h1:sIqGKcQrVLmqoUIAGwLIFEkHEOoUmQtm8n5TAYye+Wk=
github.com/aaronland/go-roster v0.0.2/go.mod h1:AcovpxlG1XxJxX2Fjqlm63fEIBhCjEIBV4lP87FZDmI=
github.com/aaronland/go-roster v1.0.0 h1:FRDGrTqsYySKjWnAhbBGXyeGlI/o5/t9FZYCbUmyQtI=
github.com/aaronland/go-roster v1.0.0/go.mod h1:KIsYZgrJlAsyb9LsXSCvlqvbcCBVjCSqcQiZx42i9ro=
github.com/aaronland/go-string v1.0.0 h1:fPHmC1i9JhGzgi4qdCSXKc4xTCaLLe0uvlJMu9dHhco=
github.com/aaronland/go-string v1.0.0/go.mod h1:URh3Au/fNbM0++WjBseurE3QTp875wiJ9ImrecD+7tI=
github.com/akrylysov/algnhsa v0.0.0-20190319020909-05b3d192e9a7/go.mod h1:HhzjNA0EjUWcwHTUMwqrpeAdIF3gRmpH0HpWx1hYJSc=
github.com/akrylysov/algnhsa v0.12.1 h1:A9Ojt4hZrL77mhBc3qGO3Sn9reyf+tvM3DmR0SfXguc=
github.com/akrylysov/algnhsa v0.12.1/go.mod h1:xAcJ/X8DV+81e+dUjIoB/r5CbISrSXV9//leoMDHcdk=
github.com/aws/aws-lambda-go v1.9.0/go.mod h1:zUsUQhAUjYzR8AuduJPCfhBuKWUaDbQiPOG+ouzmE1A=
github.com/aws/aws-lambda-go v1.10.0 h1:uafgdfYGQD0UeT7d2uKdyWW8j/ZYRifRPIdmeqLzLCk=
github.com/aws/aws-lambda-go v1.10.0/go.mod h1:zUsUQhAUjYzR8AuduJPCfhBuKWUaDbQiPOG+ouzmE1A=
github.com/aws/aws-sdk-go v1.44.65 h1:G+kuQ0+kcg8ltLZqju3OA9NDtGsGuSDrNWaXwgYFEH8=
github.com/aws/aws-sdk-go v1.44.65/go.mod h1:y4AeaBuwd2Lk+GepC1E9v0qOiTws0MIWAX4oIKwKHZo=
github.com/davecgh/go-spew v1.1.0 h1:ZDRjVQ15GmhC3fiQ8ni8+OwkZQO4DARzQgrnXU1Liz8=
github.com/davecgh/go-spew v1.1.0/go.mod h1:J7Y8YcW2NihsgmVo/mv3lAwl/skON4iLHjSsI+c5H38=
github.com/jmespath/go-jmespath v0.4.0 h1:BEgLn5cpjn8UN1mAw4NjwDrS35OdebyEtFe+9YPoQUg=
github.com/jmespath/go-jmespath v0.4.0/go.mod h1:T8mJZnbsbmF+m6zOOFylbeCJqk5+pHWvzYPziyZiYoo=
github.com/jmespath/go-jmespath/internal/testify v1.5.1 h1:shLQSRRSCCPj3f2gpwzGwWFoC7ycTf1rcQZHOlsJ6N8=
github.com/jmespath/go-jmespath/internal/testify v1.5.1/go.mod h1:L3OGu8Wl2/fWfCI6z80xFu9LTZmf1ZRjMHUOPmWr69U=
github.com/mattn/go-sqlite3 v1.14.14 h1:qZgc/Rwetq+MtyE18WhzjokPD93dNqLGNT3QJuLvBGw=
github.com/mattn/go-sqlite3 v1.14.14/go.mod h1:NyWgC/yNuGj7Q9rpYnZvas74GogHl5/Z4A/KQRfk6bU=
github.com/pkg/errors v0.9.1/go.mod h1:bwawxfHBFNV+L2hUp1rHADufV3IMtnDRdf1r5NINEl0=
github.com/pmezard/go-difflib v1.0.0 h1:4DBwDE0NGyQoBHbLQYPwSUPoCMWR5BEzIk/f1lZbAQM=
github.com/pmezard/go-difflib v1.0.0/go.mod h1:iKH77koFhYxTK1pcRnkKkqfTogsbg7gZNVY4sRDYZ/4=
github.com/sfomuseum/go-flags v0.10.0 h1:1OC1ACxpWMsl3XQ9OeNVMQj7Zi2CzufP3Rym3mPI8HU=
github.com/sfomuseum/go-flags v0.10.0/go.mod h1:VXOnnX1/yxQpX2yiwHaBV6aCmhtszQOL5bL1/nNo3co=
github.com/sfomuseum/go-http-protomaps v0.0.14 h1:NoqG645X3GQQAqOuwtfjQ3I3Ba09k0140PIfBZuEi/0=
github.com/sfomuseum/go-http-protomaps v0.0.14/go.mod h1:jMeHqPpNoO30nMX3PaHuI2D+n2vXQScUZ3v9SeRv0/I=
github.com/sfomuseum/go-template v1.2.1 h1:vetza00Hf3TP3sW8c2B/++WMInCzBdwAQaPH3TQY78E=
github.com/sfomuseum/go-template v1.2.1/go.mod h1:JRpTSqjgYv6+PdkoVbX5GmuyCQqnRLd0Yk8LFvLb6/k=
github.com/stretchr/objx v0.1.0/go.mod h1:HFkY916IF+rwdDfMAkV7OtwuqBVzrE8GR6GFx+wExME=
github.com/stretchr/testify v1.3.0 h1:TivCn/peBQ7UY8ooIcPgZFpTNSz0Q2U6UrFlUfqbe0Q=
github.com/stretchr/testify v1.3.0/go.mod h1:M5WIy9Dh21IEIfnGCwXGc5bZfKNJtfHm1UVUgZn+9EI=
github.com/tilezen/go-tilepacks v0.0.0-20220729022432-5ee633f5bb6a h1:wbFtc2KtrqpQ5s7ac7s0zfXNRMXFju+nWkIV4+2oZ+s=
github.com/tilezen/go-tilepacks v0.0.0-20220729022432-5ee633f5bb6a/go.mod h1:JdmWfxmEcV1bSXR7vkKE1BfJJlUeGMwrJOafyxNoAy8=
github.com/whosonfirst/algnhsa v0.1.0/go.mod h1:swLBXxaVTv3s6dJLhekdQCuCTshUew+xHjptRC21RG0=
golang.org/x/crypto v0.0.0-20190308221718-c2843e01d9a2/go.mod h1:djNgcEr1/C05ACkg1iLfiJU5Ep61QUkGW8qpdssI0+w=
golang.org/x/crypto v0.0.0-20200622213623-75b288015ac9/go.mod h1:LzIPMQfyMNhhGPhUkYOs5KpL4U8rLKemX1yGLhDgUto=
golang.org/x/net v0.0.0-20190404232315-eb5bcb51f2a3/go.mod h1:t9HGtf8HONx5eT2rtn7q6eTqICYqUVnKs3thJo3Qplg=
golang.org/x/net v0.0.0-20201002202402-0a1ea396d57c/go.mod h1:iQL9McJNjoIa5mjH6nYTCTZXUN6RP+XW3eib7Ya3XcI=
golang.org/x/net v0.0.0-20220127200216-cd36cc0744dd/go.mod h1:CfG3xpIq0wQ8r1q4Su4UZFWDARRcnwPjda9FqA0JpMk=
golang.org/x/net v0.0.0-20220425223048-2871e0cb64e4 h1:HVyaeDAYux4pnY+D/SiwmLOR36ewZ4iGQIIrtnuCjFA=
golang.org/x/net v0.0.0-20220425223048-2871e0cb64e4/go.mod h1:CfG3xpIq0wQ8r1q4Su4UZFWDARRcnwPjda9FqA0JpMk=
golang.org/x/sys v0.0.0-20190215142949-d0b11bdaac8a/go.mod h1:STP8DvDyc/dI5b8T5hshtkjS+E42TnysNCUPdjciGhY=
golang.org/x/sys v0.0.0-20190412213103-97732733099d/go.mod h1:h1NjWce9XRLGQEsW7wpKNCjG9DtNlClVuFLEZdDNbEs=
golang.org/x/sys v0.0.0-20200930185726-fdedc70b468f/go.mod h1:h1NjWce9XRLGQEsW7wpKNCjG9DtNlClVuFLEZdDNbEs=
golang.org/x/sys v0.0.0-20210615035016-665e8c7367d1/go.mod h1:oPkhp1MJrh7nUepCBck5+mAzfO9JrbApNNgaTdGDITg=
golang.org/x/sys v0.0.0-20211216021012-1d35b9e2eb4e/go.mod h1:oPkhp1MJrh7nUepCBck5+mAzfO9JrbApNNgaTdGDITg=
golang.org/x/term v0.0.0-20210927222741-03fcf44c2211/go.mod h1:jbD1KX2456YbFQfuXm/mYQcufACuNUgVhRMnK/tPxf8=
golang.org/x/text v0.3.0/go.mod h1:NqM8EUOU14njkJ3fqMW+pc6Ldnwhi/IjpwHt7yyuwOQ=
golang.org/x/text v0.3.7 h1:olpwvP2KacW1ZWvsR7uQhoyTYvKAupfQrRGBFM352Gk=
golang.org/x/text v0.3.7/go.mod h1:u+2+/6zg+i71rQMx5EYifcz6MCKuco9NR6JIITiCfzQ=
golang.org/x/tools v0.0.0-20180917221912-90fa682c2a6e/go.mod h1:n7NCudcB/nEzxVGmLbDWY5pfWTLqBcC2KZ6jyYvM4mQ=
gopkg.in/check.v1 v0.0.0-20161208181325-20d25e280405/go.mod h1:Co6ibVJAznAaIkqp8huTwlJQCZ016jof/cbN4VW5Yz0=
gopkg.in/yaml.v2 v2.2.8 h1:obN1ZagJSUGI0Ek/LBmuj4SNLPfIny3KsKFopxRdj10=
gopkg.in/yaml.v2 v2.2.8/go.mod h1:hI93XBmqTisBFMUTm0b8Fm+jr3Dg1NNxqwp+5A1VGuI=
